{
  "name": "test",
  "lockfileVersion": 3,
  "requires": true,
  "packages": {
    "": {
      "dependencies": {
        "fifa-wc-22": "^1.0.0"
      }
    },
    "node_modules/fifa-wc-22": {
      "version": "1.0.0",
      "resolved": "https://registry.npmjs.org/fifa-wc-22/-/fifa-wc-22-1.0.0.tgz",
      "integrity": "sha512-fnxBIR2yxKVu0+VzPAfMi+VBC66dRSWmCgj0Ohubr6EkYg+K+IgJgy/yvZ8np/oS1ECsi5H/0FFIko2y0axqNQ==",
      "license": "ISC"
    }
  }
}
